github.com/go-sourcemap/sourcemap v1.0.5 h1:oaGf6nqLxwhWPrW5jjNWUYM1SWqHIsJSFcPZojn23Mc=
github.com/go-sourcemap/sourcemap v2.1.3+incompatible h1:W1iEw64niKVGogNgBN3ePyLFfuisuzeidWPMPWmECqU=
github.com/go-sourcemap/sourcemap v2.1.3+incompatible/go.mod h1:F8jJfvm2KbVjc5NqelyYJmf/v5J0dwNLS2mL4sNA1Jg=
